
Microsoft Visual Studio Solution File, Format Version 11.00
# Visual Studio 2010
Project("{FAE04EC0-301F-11D3-BF4B-00C04F79EFBC}") = "WcfService", "WcfService\WcfService.csproj", "{D78772F7-F1F5-4B77-A660-6BE87FAE8437}"
EndProject
Project("{FAE04EC0-301F-11D3-BF4B-00C04F79EFBC}") = "WcfServiceTestApplication", "WcfServiceTestApplication\WcfServiceTestApplication.csproj", "{49B4CF15-CC67-4724-B75F-4E8D8975F522}"
EndProject
Global
	GlobalSection(SolutionConfigurationPlatforms) = preSolution
		Debug|Any CPU = Debug|Any CPU
		Release|Any CPU = Release|Any CPU
	EndGlobalSection
	GlobalSection(ProjectConfigurationPlatforms) = postSolution
		{D78772F7-F1F5-4B77-A660-6BE87FAE8437}.Debug|Any CPU.ActiveCfg = Debug|Any CPU
		{D78772F7-F1F5-4B77-A660-6BE87FAE8437}.Debug|Any CPU.Build.0 = Debug|Any CPU
		{D78772F7-F1F5-4B77-A660-6BE87FAE8437}.Release|Any CPU.ActiveCfg = Release|Any CPU
		{D78772F7-F1F5-4B77-A660-6BE87FAE8437}.Release|Any CPU.Build.0 = Release|Any CPU
		{49B4CF15-CC67-4724-B75F-4E8D8975F522}.Debug|Any CPU.ActiveCfg = Debug|Any CPU
		{49B4CF15-CC67-4724-B75F-4E8D8975F522}.Debug|Any CPU.Build.0 = Debug|Any CPU
		{49B4CF15-CC67-4724-B75F-4E8D8975F522}.Release|Any CPU.ActiveCfg = Release|Any CPU
		{49B4CF15-CC67-4724-B75F-4E8D8975F522}.Release|Any CPU.Build.0 = Release|Any CPU
	EndGlobalSection
	GlobalSection(SolutionProperties) = preSolution
		HideSolutionNode = FALSE
	EndGlobalSection
EndGlobal
